
Microsoft Visual Studio Solution File, Format Version 12.00
# Visual Studio Version 17
VisualStudioVersion = 17.5.33414.496
MinimumVisualStudioVersion = 10.0.40219.1
Project("{FAE04EC0-301F-11D3-BF4B-00C04F79EFBC}") = "ServerPeerToPeer", "ServerPeerToPeer\ServerPeerToPeer.csproj", "{F9AC540F-11B2-47DD-A92B-A79A7BAAC5AE}"
EndProject
Global
	GlobalSection(SolutionConfigurationPlatforms) = preSolution
		Debug|Any CPU = Debug|Any CPU
		Release|Any CPU = Release|Any CPU
	EndGlobalSection
	GlobalSection(ProjectConfigurationPlatforms) = postSolution
		{F9AC540F-11B2-47DD-A92B-A79A7BAAC5AE}.Debug|Any CPU.ActiveCfg = Debug|Any CPU
		{F9AC540F-11B2-47DD-A92B-A79A7BAAC5AE}.Debug|Any CPU.Build.0 = Debug|Any CPU
		{F9AC540F-11B2-47DD-A92B-A79A7BAAC5AE}.Release|Any CPU.ActiveCfg = Release|Any CPU
		{F9AC540F-11B2-47DD-A92B-A79A7BAAC5AE}.Release|Any CPU.Build.0 = Release|Any CPU
	EndGlobalSection
	GlobalSection(SolutionProperties) = preSolution
		HideSolutionNode = FALSE
	EndGlobalSection
	GlobalSection(ExtensibilityGlobals) = postSolution
		SolutionGuid = {28C04A33-FFF8-48D1-AEA8-862DE7F109B6}
	EndGlobalSection
EndGlobal
